
Microsoft Visual Studio Solution File, Format Version 12.00
# Visual Studio Version 17
VisualStudioVersion = 17.7.34202.233
MinimumVisualStudioVersion = 10.0.40219.1
Project("{FAE04EC0-301F-11D3-BF4B-00C04F79EFBC}") = "WorrywartNEA2", "WorrywartNEA2\WorrywartNEA2.csproj", "{373CC8AF-1B9D-4B4F-908B-6B649DD964D2}"
EndProject
Global
	GlobalSection(SolutionConfigurationPlatforms) = preSolution
		Debug|Any CPU = Debug|Any CPU
		Release|Any CPU = Release|Any CPU
	EndGlobalSection
	GlobalSection(ProjectConfigurationPlatforms) = postSolution
		{373CC8AF-1B9D-4B4F-908B-6B649DD964D2}.Debug|Any CPU.ActiveCfg = Debug|Any CPU
		{373CC8AF-1B9D-4B4F-908B-6B649DD964D2}.Debug|Any CPU.Build.0 = Debug|Any CPU
		{373CC8AF-1B9D-4B4F-908B-6B649DD964D2}.Release|Any CPU.ActiveCfg = Release|Any CPU
		{373CC8AF-1B9D-4B4F-908B-6B649DD964D2}.Release|Any CPU.Build.0 = Release|Any CPU
	EndGlobalSection
	GlobalSection(SolutionProperties) = preSolution
		HideSolutionNode = FALSE
	EndGlobalSection
	GlobalSection(ExtensibilityGlobals) = postSolution
		SolutionGuid = {2F6B2024-E43B-45CA-9B2D-662FE9DB1C43}
	EndGlobalSection
EndGlobal
